
Microsoft Visual Studio Solution File, Format Version 12.00
# Visual Studio 15
VisualStudioVersion = 15.0.28307.572
MinimumVisualStudioVersion = 10.0.40219.1
Project("{FAE04EC0-301F-11D3-BF4B-00C04F79EFBC}") = "DapperAdmin", "DapperAdmin\DapperAdmin.csproj", "{5A0A242D-0ED9-4D8E-9EC4-096F4C3CC20A}"
EndProject
Project("{FAE04EC0-301F-11D3-BF4B-00C04F79EFBC}") = "DapperCacheHelps", "DapperCacheHelps\DapperCacheHelps.csproj", "{33741398-4BC7-49DF-9E71-44EEC4514E1C}"
EndProject
Project("{FAE04EC0-301F-11D3-BF4B-00C04F79EFBC}") = "DapperCommonMethod", "DapperCommonMethod\DapperCommonMethod.csproj", "{E8359DB9-E0C6-4CEC-9247-364F2278A219}"
EndProject
Project("{FAE04EC0-301F-11D3-BF4B-00C04F79EFBC}") = "DapperHelp", "DapperHelp\DapperHelp.csproj", "{67B8EE29-7C4B-44BE-B8DC-AB5CC394B81D}"
EndProject
Project("{FAE04EC0-301F-11D3-BF4B-00C04F79EFBC}") = "DapperModel", "DapperModel\DapperModel.csproj", "{273B2D8F-6932-48FA-9338-A09D7E1F72A9}"
EndProject
Project("{FAE04EC0-301F-11D3-BF4B-00C04F79EFBC}") = "DapperDAL", "DapperDAL\DapperDAL.csproj", "{FA114D67-030C-4C08-B39D-92695148C0AC}"
EndProject
Project("{FAE04EC0-301F-11D3-BF4B-00C04F79EFBC}") = "DapperBLL", "DapperBLL\DapperBLL.csproj", "{8ABB6838-3B61-4F35-9666-5843AC4C6195}"
EndProject
Project("{9A19103F-16F7-4668-BE54-9A1E7A4F7556}") = "CodeGeneration", "CodeGeneration\CodeGeneration.csproj", "{7B5774C5-35A4-4A26-9F56-A7C4A9426F8B}"
EndProject
Project("{FAE04EC0-301F-11D3-BF4B-00C04F79EFBC}") = "DapperAdminApi", "DapperAdminApi\DapperAdminApi.csproj", "{4BC45A91-E2CD-4A2B-B02C-3E3035CEC816}"
EndProject
Project("{FAE04EC0-301F-11D3-BF4B-00C04F79EFBC}") = "DapperSql", "DapperSql\DapperSql.csproj", "{FA72447A-912F-4EAC-98C3-A57ADBEEF972}"
EndProject
Global
	GlobalSection(SolutionConfigurationPlatforms) = preSolution
		Debug|Any CPU = Debug|Any CPU
		Release|Any CPU = Release|Any CPU
	EndGlobalSection
	GlobalSection(ProjectConfigurationPlatforms) = postSolution
		{5A0A242D-0ED9-4D8E-9EC4-096F4C3CC20A}.Debug|Any CPU.ActiveCfg = Debug|Any CPU
		{5A0A242D-0ED9-4D8E-9EC4-096F4C3CC20A}.Debug|Any CPU.Build.0 = Debug|Any CPU
		{5A0A242D-0ED9-4D8E-9EC4-096F4C3CC20A}.Release|Any CPU.ActiveCfg = Release|Any CPU
		{5A0A242D-0ED9-4D8E-9EC4-096F4C3CC20A}.Release|Any CPU.Build.0 = Release|Any CPU
		{33741398-4BC7-49DF-9E71-44EEC4514E1C}.Debug|Any CPU.ActiveCfg = Debug|Any CPU
		{33741398-4BC7-49DF-9E71-44EEC4514E1C}.Debug|Any CPU.Build.0 = Debug|Any CPU
		{33741398-4BC7-49DF-9E71-44EEC4514E1C}.Release|Any CPU.ActiveCfg = Release|Any CPU
		{33741398-4BC7-49DF-9E71-44EEC4514E1C}.Release|Any CPU.Build.0 = Release|Any CPU
		{E8359DB9-E0C6-4CEC-9247-364F2278A219}.Debug|Any CPU.ActiveCfg = Debug|Any CPU
		{E8359DB9-E0C6-4CEC-9247-364F2278A219}.Debug|Any CPU.Build.0 = Debug|Any CPU
		{E8359DB9-E0C6-4CEC-9247-364F2278A219}.Release|Any CPU.ActiveCfg = Release|Any CPU
		{E8359DB9-E0C6-4CEC-9247-364F2278A219}.Release|Any CPU.Build.0 = Release|Any CPU
		{67B8EE29-7C4B-44BE-B8DC-AB5CC394B81D}.Debug|Any CPU.ActiveCfg = Debug|Any CPU
		{67B8EE29-7C4B-44BE-B8DC-AB5CC394B81D}.Debug|Any CPU.Build.0 = Debug|Any CPU
		{67B8EE29-7C4B-44BE-B8DC-AB5CC394B81D}.Release|Any CPU.ActiveCfg = Release|Any CPU
		{67B8EE29-7C4B-44BE-B8DC-AB5CC394B81D}.Release|Any CPU.Build.0 = Release|Any CPU
		{273B2D8F-6932-48FA-9338-A09D7E1F72A9}.Debug|Any CPU.ActiveCfg = Debug|Any CPU
		{273B2D8F-6932-48FA-9338-A09D7E1F72A9}.Debug|Any CPU.Build.0 = Debug|Any CPU
		{273B2D8F-6932-48FA-9338-A09D7E1F72A9}.Release|Any CPU.ActiveCfg = Release|Any CPU
		{273B2D8F-6932-48FA-9338-A09D7E1F72A9}.Release|Any CPU.Build.0 = Release|Any CPU
		{FA114D67-030C-4C08-B39D-92695148C0AC}.Debug|Any CPU.ActiveCfg = Debug|Any CPU
		{FA114D67-030C-4C08-B39D-92695148C0AC}.Debug|Any CPU.Build.0 = Debug|Any CPU
		{FA114D67-030C-4C08-B39D-92695148C0AC}.Release|Any CPU.ActiveCfg = Release|Any CPU
		{FA114D67-030C-4C08-B39D-92695148C0AC}.Release|Any CPU.Build.0 = Release|Any CPU
		{8ABB6838-3B61-4F35-9666-5843AC4C6195}.Debug|Any CPU.ActiveCfg = Debug|Any CPU
		{8ABB6838-3B61-4F35-9666-5843AC4C6195}.Debug|Any CPU.Build.0 = Debug|Any CPU
		{8ABB6838-3B61-4F35-9666-5843AC4C6195}.Release|Any CPU.ActiveCfg = Release|Any CPU
		{8ABB6838-3B61-4F35-9666-5843AC4C6195}.Release|Any CPU.Build.0 = Release|Any CPU
		{7B5774C5-35A4-4A26-9F56-A7C4A9426F8B}.Debug|Any CPU.ActiveCfg = Debug|Any CPU
		{7B5774C5-35A4-4A26-9F56-A7C4A9426F8B}.Debug|Any CPU.Build.0 = Debug|Any CPU
		{7B5774C5-35A4-4A26-9F56-A7C4A9426F8B}.Release|Any CPU.ActiveCfg = Release|Any CPU
		{7B5774C5-35A4-4A26-9F56-A7C4A9426F8B}.Release|Any CPU.Build.0 = Release|Any CPU
		{4BC45A91-E2CD-4A2B-B02C-3E3035CEC816}.Debug|Any CPU.ActiveCfg = Debug|Any CPU
		{4BC45A91-E2CD-4A2B-B02C-3E3035CEC816}.Debug|Any CPU.Build.0 = Debug|Any CPU
		{4BC45A91-E2CD-4A2B-B02C-3E3035CEC816}.Release|Any CPU.ActiveCfg = Release|Any CPU
		{4BC45A91-E2CD-4A2B-B02C-3E3035CEC816}.Release|Any CPU.Build.0 = Release|Any CPU
		{FA72447A-912F-4EAC-98C3-A57ADBEEF972}.Debug|Any CPU.ActiveCfg = Debug|Any CPU
		{FA72447A-912F-4EAC-98C3-A57ADBEEF972}.Debug|Any CPU.Build.0 = Debug|Any CPU
		{FA72447A-912F-4EAC-98C3-A57ADBEEF972}.Release|Any CPU.ActiveCfg = Release|Any CPU
		{FA72447A-912F-4EAC-98C3-A57ADBEEF972}.Release|Any CPU.Build.0 = Release|Any CPU
	EndGlobalSection
	GlobalSection(SolutionProperties) = preSolution
		HideSolutionNode = FALSE
	EndGlobalSection
	GlobalSection(ExtensibilityGlobals) = postSolution
		SolutionGuid = {02B02436-2A15-4295-902D-BFE585FA14A4}
	EndGlobalSection
EndGlobal
